# THIS IS AN AUTOGENERATED FILE. DO NOT EDIT THIS FILE DIRECTLY.
# yarn lockfile v1


binary-data@^0.1.0:
  version "0.1.0"
  resolved "https://registry.yarnpkg.com/binary-data/-/binary-data-0.1.0.tgz#efcc8c0791f8a9289b331f9f5302495a831ac49f"
  dependencies:
    bl "^1.2.1"
    is-plain-object "^2.0.3"

bl@^1.2.1:
  version "1.2.1"
  resolved "https://registry.yarnpkg.com/bl/-/bl-1.2.1.tgz#cac328f7bee45730d404b692203fcb590e172d5e"
  dependencies:
    readable-stream "^2.0.5"

buffer-xor@^2.0.1:
  version "2.0.2"
  resolved "https://registry.yarnpkg.com/buffer-xor/-/buffer-xor-2.0.2.tgz#34f7c64f04c777a1f8aac5e661273bb9dd320289"
  dependencies:
    safe-buffer "^5.1.1"

core-util-is@~1.0.0:
  version "1.0.2"
  resolved "https://registry.yarnpkg.com/core-util-is/-/core-util-is-1.0.2.tgz#b5fd54220aa2bc5ab57aab7140c940754503c1a7"

crc@^3.4.4:
  version "3.5.0"
  resolved "https://registry.yarnpkg.com/crc/-/crc-3.5.0.tgz#98b8ba7d489665ba3979f59b21381374101a1964"

immutable@^3.8.2:
  version "3.8.2"
  resolved "https://registry.yarnpkg.com/immutable/-/immutable-3.8.2.tgz#c2439951455bb39913daf281376f1530e104adf3"

inherits@~2.0.3:
  version "2.0.3"
  resolved "https://registry.yarnpkg.com/inherits/-/inherits-2.0.3.tgz#633c2c83e3da42a502f52466022480f4208261de"

ipaddr.js@^1.4.0:
  version "1.6.0"
  resolved "https://registry.yarnpkg.com/ipaddr.js/-/ipaddr.js-1.6.0.tgz#e3fa357b773da619f26e95f049d055c72796f86b"

is-plain-object@^2.0.3:
  version "2.0.4"
  resolved "https://registry.yarnpkg.com/is-plain-object/-/is-plain-object-2.0.4.tgz#2c163b3fafb1b606d9d17928f05c2a1c38e07677"
  dependencies:
    isobject "^3.0.1"

is-stun@^1.0.0:
  version "1.0.0"
  resolved "https://registry.yarnpkg.com/is-stun/-/is-stun-1.0.0.tgz#1f28487e06f7d1c612a377b733c1bb2f528bd8cb"

isarray@~1.0.0:
  version "1.0.0"
  resolved "https://registry.yarnpkg.com/isarray/-/isarray-1.0.0.tgz#bb935d48582cba168c06834957a54a3e07124f11"

isobject@^3.0.1:
  version "3.0.1"
  resolved "https://registry.yarnpkg.com/isobject/-/isobject-3.0.1.tgz#4e431e92b11a9731636aa1f9c8d1ccbcfdab78df"

process-nextick-args@~2.0.0:
  version "2.0.0"
  resolved "https://registry.yarnpkg.com/process-nextick-args/-/process-nextick-args-2.0.0.tgz#a37d732f4271b4ab1ad070d35508e8290788ffaa"

readable-stream@^2.0.5:
  version "2.3.5"
  resolved "https://registry.yarnpkg.com/readable-stream/-/readable-stream-2.3.5.tgz#b4f85003a938cbb6ecbce2a124fb1012bd1a838d"
  dependencies:
    core-util-is "~1.0.0"
    inherits "~2.0.3"
    isarray "~1.0.0"
    process-nextick-args "~2.0.0"
    safe-buffer "~5.1.1"
    string_decoder "~1.0.3"
    util-deprecate "~1.0.1"

safe-buffer@^5.1.1, safe-buffer@~5.1.0, safe-buffer@~5.1.1:
  version "5.1.1"
  resolved "https://registry.yarnpkg.com/safe-buffer/-/safe-buffer-5.1.1.tgz#893312af69b2123def71f57889001671eeb2c853"

string_decoder@~1.0.3:
  version "1.0.3"
  resolved "https://registry.yarnpkg.com/string_decoder/-/string_decoder-1.0.3.tgz#0fc67d7c141825de94282dd536bec6b9bce860ab"
  dependencies:
    safe-buffer "~5.1.0"

stun@^1.1.0:
  version "1.1.0"
  resolved "https://registry.yarnpkg.com/stun/-/stun-1.1.0.tgz#75657b33f4600a1408b835ed51a7b634b3119a6b"
  dependencies:
    binary-data "^0.1.0"
    buffer-xor "^2.0.1"
    crc "^3.4.4"
    ipaddr.js "^1.4.0"
    is-stun "^1.0.0"

util-deprecate@~1.0.1:
  version "1.0.2"
  resolved "https://registry.yarnpkg.com/util-deprecate/-/util-deprecate-1.0.2.tgz#450d4dc9fa70de732762fbd2d4a28981419a0ccf"
